
Microsoft Visual Studio Solution File, Format Version 12.00
# Visual Studio Version 17
VisualStudioVersion = 17.8.34330.188
MinimumVisualStudioVersion = 10.0.40219.1
Project("{FAE04EC0-301F-11D3-BF4B-00C04F79EFBC}") = "RectanglesFinder", "RectanglesFinder\RectanglesFinder.csproj", "{AE36865D-C65B-403B-BD82-4481A199F121}"
EndProject
Project("{FAE04EC0-301F-11D3-BF4B-00C04F79EFBC}") = "RectangleFinderTest", "RectangleFinderTest\RectangleFinderTest.csproj", "{0C21BF85-FA91-40E6-8A5B-7FC90F5C7CA5}"
EndProject
Global
	GlobalSection(SolutionConfigurationPlatforms) = preSolution
		Debug|Any CPU = Debug|Any CPU
		Release|Any CPU = Release|Any CPU
	EndGlobalSection
	GlobalSection(ProjectConfigurationPlatforms) = postSolution
		{AE36865D-C65B-403B-BD82-4481A199F121}.Debug|Any CPU.ActiveCfg = Debug|Any CPU
		{AE36865D-C65B-403B-BD82-4481A199F121}.Debug|Any CPU.Build.0 = Debug|Any CPU
		{AE36865D-C65B-403B-BD82-4481A199F121}.Release|Any CPU.ActiveCfg = Release|Any CPU
		{AE36865D-C65B-403B-BD82-4481A199F121}.Release|Any CPU.Build.0 = Release|Any CPU
		{0C21BF85-FA91-40E6-8A5B-7FC90F5C7CA5}.Debug|Any CPU.ActiveCfg = Debug|Any CPU
		{0C21BF85-FA91-40E6-8A5B-7FC90F5C7CA5}.Debug|Any CPU.Build.0 = Debug|Any CPU
		{0C21BF85-FA91-40E6-8A5B-7FC90F5C7CA5}.Release|Any CPU.ActiveCfg = Release|Any CPU
		{0C21BF85-FA91-40E6-8A5B-7FC90F5C7CA5}.Release|Any CPU.Build.0 = Release|Any CPU
	EndGlobalSection
	GlobalSection(SolutionProperties) = preSolution
		HideSolutionNode = FALSE
	EndGlobalSection
	GlobalSection(ExtensibilityGlobals) = postSolution
		SolutionGuid = {A1632561-7198-4368-961D-FE9442BD66CD}
	EndGlobalSection
EndGlobal
